
Microsoft Visual Studio Solution File, Format Version 12.00
# Visual Studio Version 17
VisualStudioVersion = 17.14.36221.1
MinimumVisualStudioVersion = 10.0.40219.1
Project("{FAE04EC0-301F-11D3-BF4B-00C04F79EFBC}") = "ProgrammersQuiz", "ProgrammersQuiz\ProgrammersQuiz.csproj", "{5882610E-BCE8-49E7-A075-F838FE0D7F5A}"
EndProject
Project("{FAE04EC0-301F-11D3-BF4B-00C04F79EFBC}") = "SumOfFactors", "SumOfFactors\SumOfFactors.csproj", "{2031E397-508A-4ABE-A8B0-3976F963BA46}"
EndProject
Project("{FAE04EC0-301F-11D3-BF4B-00C04F79EFBC}") = "MaxAndMin", "MaxAndMin\MaxAndMin.csproj", "{34260A6A-425C-4C8D-B353-F86B193A4331}"
EndProject
Global
	GlobalSection(SolutionConfigurationPlatforms) = preSolution
		Debug|Any CPU = Debug|Any CPU
		Release|Any CPU = Release|Any CPU
	EndGlobalSection
	GlobalSection(ProjectConfigurationPlatforms) = postSolution
		{5882610E-BCE8-49E7-A075-F838FE0D7F5A}.Debug|Any CPU.ActiveCfg = Debug|Any CPU
		{5882610E-BCE8-49E7-A075-F838FE0D7F5A}.Debug|Any CPU.Build.0 = Debug|Any CPU
		{5882610E-BCE8-49E7-A075-F838FE0D7F5A}.Release|Any CPU.ActiveCfg = Release|Any CPU
		{5882610E-BCE8-49E7-A075-F838FE0D7F5A}.Release|Any CPU.Build.0 = Release|Any CPU
		{2031E397-508A-4ABE-A8B0-3976F963BA46}.Debug|Any CPU.ActiveCfg = Debug|Any CPU
		{2031E397-508A-4ABE-A8B0-3976F963BA46}.Debug|Any CPU.Build.0 = Debug|Any CPU
		{2031E397-508A-4ABE-A8B0-3976F963BA46}.Release|Any CPU.ActiveCfg = Release|Any CPU
		{2031E397-508A-4ABE-A8B0-3976F963BA46}.Release|Any CPU.Build.0 = Release|Any CPU
		{34260A6A-425C-4C8D-B353-F86B193A4331}.Debug|Any CPU.ActiveCfg = Debug|Any CPU
		{34260A6A-425C-4C8D-B353-F86B193A4331}.Debug|Any CPU.Build.0 = Debug|Any CPU
		{34260A6A-425C-4C8D-B353-F86B193A4331}.Release|Any CPU.ActiveCfg = Release|Any CPU
		{34260A6A-425C-4C8D-B353-F86B193A4331}.Release|Any CPU.Build.0 = Release|Any CPU
	EndGlobalSection
	GlobalSection(SolutionProperties) = preSolution
		HideSolutionNode = FALSE
	EndGlobalSection
	GlobalSection(ExtensibilityGlobals) = postSolution
		SolutionGuid = {0BE93E29-930B-42D9-92F0-5D7377695C18}
	EndGlobalSection
EndGlobal
